{
  "name": "presha-tests",
  "version": "0.0.1",
  "lockfileVersion": 3,
  "requires": true,
  "packages": {
    "": {
      "name": "presha-tests",
      "version": "0.0.1",
      "license": "MIT",
      "dependencies": {
        "presha": "^0.0.1"
      },
      "devDependencies": {}
    },
    "node_modules/presha": {
      "version": "0.0.1",
      "resolved": "https://registry.npmjs.org/presha/-/presha-0.0.1.tgz",
      "integrity": "sha512-M1xxLTNNlocx0VAe8bcoTNHXjc8IgK8UPt01EVRIYZ50CuuTJGaHVJmM/BA75kwzmAISLkHg13Z0MHmtt3AKEA==",
      "license": "MIT"
    }
  }
}
